
Microsoft Visual Studio Solution File, Format Version 12.00
# Visual Studio Version 17
VisualStudioVersion = 17.13.35931.197
MinimumVisualStudioVersion = 10.0.40219.1
Project("{FAE04EC0-301F-11D3-BF4B-00C04F79EFBC}") = "WebAPI", "WebAPI.csproj", "{9F365173-F27C-456B-954E-710F2B335825}"
EndProject
Global
	GlobalSection(SolutionConfigurationPlatforms) = preSolution
		Debug|Any CPU = Debug|Any CPU
		Release|Any CPU = Release|Any CPU
	EndGlobalSection
	GlobalSection(ProjectConfigurationPlatforms) = postSolution
		{9F365173-F27C-456B-954E-710F2B335825}.Debug|Any CPU.ActiveCfg = Debug|Any CPU
		{9F365173-F27C-456B-954E-710F2B335825}.Debug|Any CPU.Build.0 = Debug|Any CPU
		{9F365173-F27C-456B-954E-710F2B335825}.Release|Any CPU.ActiveCfg = Release|Any CPU
		{9F365173-F27C-456B-954E-710F2B335825}.Release|Any CPU.Build.0 = Release|Any CPU
	EndGlobalSection
	GlobalSection(SolutionProperties) = preSolution
		HideSolutionNode = FALSE
	EndGlobalSection
	GlobalSection(ExtensibilityGlobals) = postSolution
		SolutionGuid = {2B86F97E-195D-4100-9723-116EE47873FB}
	EndGlobalSection
EndGlobal
